// !$*UTF8*$!
{
	archiveVersion = 1;
	classes = {
	};
	objectVersion = 55;
	objects = {

/* Begin PBXBuildFile section */
		EC1821DA27AAAC7C002084EA /* 合并两个有序链表.swift in Sources */ = {isa = PBXBuildFile; fileRef = EC1821D927AAAC7C002084EA /* 合并两个有序链表.swift */; };
		EC1821DC27AABCC1002084EA /* 合并两个有序数组.swift in Sources */ = {isa = PBXBuildFile; fileRef = EC1821DB27AABCC1002084EA /* 合并两个有序数组.swift */; };
		EC1821DE27AAC675002084EA /* 合并K个升序链表.swift in Sources */ = {isa = PBXBuildFile; fileRef = EC1821DD27AAC675002084EA /* 合并K个升序链表.swift */; };
		EC1821E027AAD0E3002084EA /* 平衡二叉树.swift in Sources */ = {isa = PBXBuildFile; fileRef = EC1821DF27AAD0E3002084EA /* 平衡二叉树.swift */; };
		EC1821E227AB6B52002084EA /* 删除排序数组中的重复项.swift in Sources */ = {isa = PBXBuildFile; fileRef = EC1821E127AB6B52002084EA /* 删除排序数组中的重复项.swift */; };
		EC1821E427AB8D1A002084EA /* 旋转数组.swift in Sources */ = {isa = PBXBuildFile; fileRef = EC1821E327AB8D1A002084EA /* 旋转数组.swift */; };
		EC1821E627ABDE70002084EA /* 存在重复元素.swift in Sources */ = {isa = PBXBuildFile; fileRef = EC1821E527ABDE70002084EA /* 存在重复元素.swift */; };
		EC1821E827AC167A002084EA /* 只出现一次的数字.swift in Sources */ = {isa = PBXBuildFile; fileRef = EC1821E727AC167A002084EA /* 只出现一次的数字.swift */; };
		EC1821EA27AD41E6002084EA /* 加一 .swift in Sources */ = {isa = PBXBuildFile; fileRef = EC1821E927AD41E6002084EA /* 加一 .swift */; };
		EC1821EC27AE2FBD002084EA /* 移动零.swift in Sources */ = {isa = PBXBuildFile; fileRef = EC1821EB27AE2FBD002084EA /* 移动零.swift */; };
		EC1821EE27AE4E7F002084EA /* 两数和.swift in Sources */ = {isa = PBXBuildFile; fileRef = EC1821ED27AE4E7F002084EA /* 两数和.swift */; };
		EC1821F027AE6B7F002084EA /* 有效的数独.swift in Sources */ = {isa = PBXBuildFile; fileRef = EC1821EF27AE6B7F002084EA /* 有效的数独.swift */; };
		EC1821F227AE7C10002084EA /* 旋转图像.swift in Sources */ = {isa = PBXBuildFile; fileRef = EC1821F127AE7C10002084EA /* 旋转图像.swift */; };
		EC1821F427AF7DC8002084EA /* 买卖股票的最佳时机 II.swift in Sources */ = {isa = PBXBuildFile; fileRef = EC1821F327AF7DC8002084EA /* 买卖股票的最佳时机 II.swift */; };
		EC1821F827AF7F71002084EA /* 反转字符串.swift in Sources */ = {isa = PBXBuildFile; fileRef = EC1821F727AF7F71002084EA /* 反转字符串.swift */; };
		EC1821FA27AF8A24002084EA /* 整数反转.swift in Sources */ = {isa = PBXBuildFile; fileRef = EC1821F927AF8A24002084EA /* 整数反转.swift */; };
		EC1821FC27AF9B21002084EA /* 字符串中的第一个唯一字符.swift in Sources */ = {isa = PBXBuildFile; fileRef = EC1821FB27AF9B21002084EA /* 字符串中的第一个唯一字符.swift */; };
		EC1821FE27AFAD47002084EA /* 有效的字母异位词.swift in Sources */ = {isa = PBXBuildFile; fileRef = EC1821FD27AFAD47002084EA /* 有效的字母异位词.swift */; };
		EC18220027AFAFDB002084EA /* 验证回文串.swift in Sources */ = {isa = PBXBuildFile; fileRef = EC1821FF27AFAFDB002084EA /* 验证回文串.swift */; };
		EC18220227AFBB72002084EA /* 字符串转换整数.swift in Sources */ = {isa = PBXBuildFile; fileRef = EC18220127AFBB72002084EA /* 字符串转换整数.swift */; };
		EC18220427AFDD5C002084EA /* 实现 strStr().swift in Sources */ = {isa = PBXBuildFile; fileRef = EC18220327AFDD5C002084EA /* 实现 strStr().swift */; };
		EC18220627B1FECC002084EA /* 最长公共前缀.swift in Sources */ = {isa = PBXBuildFile; fileRef = EC18220527B1FECC002084EA /* 最长公共前缀.swift */; };
		EC18220A27B38988002084EA /* 删除链表中的节点.swift in Sources */ = {isa = PBXBuildFile; fileRef = EC18220927B38988002084EA /* 删除链表中的节点.swift */; };
		EC18220C27B389ED002084EA /* ListNode.swift in Sources */ = {isa = PBXBuildFile; fileRef = EC18220B27B389ED002084EA /* ListNode.swift */; };
		EC18220E27B38BA9002084EA /* 删除链表的倒数第N个节点.swift in Sources */ = {isa = PBXBuildFile; fileRef = EC18220D27B38BA9002084EA /* 删除链表的倒数第N个节点.swift */; };
		EC18221027B3A53C002084EA /* 反转链表.swift in Sources */ = {isa = PBXBuildFile; fileRef = EC18220F27B3A53C002084EA /* 反转链表.swift */; };
		EC18221227B3B3F8002084EA /* 回文链表.swift in Sources */ = {isa = PBXBuildFile; fileRef = EC18221127B3B3F8002084EA /* 回文链表.swift */; };
		EC18221427B3EE91002084EA /* 二叉树的最大深度.swift in Sources */ = {isa = PBXBuildFile; fileRef = EC18221327B3EE91002084EA /* 二叉树的最大深度.swift */; };
		EC18221627B3EECC002084EA /* TreeNode.swift in Sources */ = {isa = PBXBuildFile; fileRef = EC18221527B3EECC002084EA /* TreeNode.swift */; };
		EC18221827B3F22E002084EA /* 验证二叉搜索树.swift in Sources */ = {isa = PBXBuildFile; fileRef = EC18221727B3F22E002084EA /* 验证二叉搜索树.swift */; };
		EC18221A27B4BD20002084EA /* 前缀.swift in Sources */ = {isa = PBXBuildFile; fileRef = EC18221927B4BD20002084EA /* 前缀.swift */; };
		EC18221C27B4ED2A002084EA /* 对称二叉树.swift in Sources */ = {isa = PBXBuildFile; fileRef = EC18221B27B4ED2A002084EA /* 对称二叉树.swift */; };
		EC18221E27B5161A002084EA /* 将有序数组转换为二叉搜索树.swift in Sources */ = {isa = PBXBuildFile; fileRef = EC18221D27B5161A002084EA /* 将有序数组转换为二叉搜索树.swift */; };
		EC18222027B53D6C002084EA /* 第一个错误的版本.swift in Sources */ = {isa = PBXBuildFile; fileRef = EC18221F27B53D6C002084EA /* 第一个错误的版本.swift */; };
		EC18222327B6052E002084EA /* 爬楼梯.swift in Sources */ = {isa = PBXBuildFile; fileRef = EC18222227B6052E002084EA /* 爬楼梯.swift */; };
		EC18222527B678A4002084EA /* 买卖股票的最佳时机.swift in Sources */ = {isa = PBXBuildFile; fileRef = EC18222427B678A4002084EA /* 买卖股票的最佳时机.swift */; };
		EC18222727B7613F002084EA /* 最大子序和.swift in Sources */ = {isa = PBXBuildFile; fileRef = EC18222627B7613F002084EA /* 最大子序和.swift */; };
		EC18222A27B7751C002084EA /* 打乱数组.swift in Sources */ = {isa = PBXBuildFile; fileRef = EC18222927B7751C002084EA /* 打乱数组.swift */; };
		EC18222C27B78351002084EA /* 最小栈.swift in Sources */ = {isa = PBXBuildFile; fileRef = EC18222B27B78351002084EA /* 最小栈.swift */; };
		EC18222F27B78993002084EA /* Fizz Buzz .swift in Sources */ = {isa = PBXBuildFile; fileRef = EC18222E27B78993002084EA /* Fizz Buzz .swift */; };
		EC18223127B7970F002084EA /* 计数质树.swift in Sources */ = {isa = PBXBuildFile; fileRef = EC18223027B7970F002084EA /* 计数质树.swift */; };
		EC18223327B79854002084EA /* 3的幂.swift in Sources */ = {isa = PBXBuildFile; fileRef = EC18223227B79854002084EA /* 3的幂.swift */; };
		EC18223727B8BE6C002084EA /* 寻找数组的中心索引.swift in Sources */ = {isa = PBXBuildFile; fileRef = EC18223627B8BE6C002084EA /* 寻找数组的中心索引.swift */; };
		EC18223927B8C7CA002084EA /* 搜索插入位置.swift in Sources */ = {isa = PBXBuildFile; fileRef = EC18223827B8C7CA002084EA /* 搜索插入位置.swift */; };
		EC18223B27B8CA04002084EA /* 合并区间.swift in Sources */ = {isa = PBXBuildFile; fileRef = EC18223A27B8CA04002084EA /* 合并区间.swift */; };
		EC18223D27B8E198002084EA /* 零矩阵.swift in Sources */ = {isa = PBXBuildFile; fileRef = EC18223C27B8E198002084EA /* 零矩阵.swift */; };
		EC18223F27B8F3F1002084EA /* 对角线遍历.swift in Sources */ = {isa = PBXBuildFile; fileRef = EC18223E27B8F3F1002084EA /* 对角线遍历.swift */; };
		EC18224127B9FF27002084EA /* 最长回文子串.swift in Sources */ = {isa = PBXBuildFile; fileRef = EC18224027B9FF27002084EA /* 最长回文子串.swift */; };
		EC18224327BA2250002084EA /* 翻转字符串里的单词.swift in Sources */ = {isa = PBXBuildFile; fileRef = EC18224227BA2250002084EA /* 翻转字符串里的单词.swift */; };
		EC18224527BA4E50002084EA /* 数组拆分 I.swift in Sources */ = {isa = PBXBuildFile; fileRef = EC18224427BA4E50002084EA /* 数组拆分 I.swift */; };
		EC18224727BA54B8002084EA /* 两数之和 II - 输入有序数组.swift in Sources */ = {isa = PBXBuildFile; fileRef = EC18224627BA54B8002084EA /* 两数之和 II - 输入有序数组.swift */; };
		EC18224927BA8D57002084EA /* 移除元素.swift in Sources */ = {isa = PBXBuildFile; fileRef = EC18224827BA8D57002084EA /* 移除元素.swift */; };
		EC18224B27BA8FFE002084EA /* 最大连续1的个数.swift in Sources */ = {isa = PBXBuildFile; fileRef = EC18224A27BA8FFE002084EA /* 最大连续1的个数.swift */; };
		EC18224D27BA9395002084EA /* 长度最小的子数组.swift in Sources */ = {isa = PBXBuildFile; fileRef = EC18224C27BA9395002084EA /* 长度最小的子数组.swift */; };
		EC18224F27BB4EC8002084EA /* 反转字符串中的单词 III.swift in Sources */ = {isa = PBXBuildFile; fileRef = EC18224E27BB4EC8002084EA /* 反转字符串中的单词 III.swift */; };
		EC18225127BB70DF002084EA /* 寻找旋转排序数组中的最小值.swift in Sources */ = {isa = PBXBuildFile; fileRef = EC18225027BB70DF002084EA /* 寻找旋转排序数组中的最小值.swift */; };
		EC18225327BBB0B8002084EA /* File.swift in Sources */ = {isa = PBXBuildFile; fileRef = EC18225227BBB0B8002084EA /* File.swift */; };
		EC18225627BF5D95002084EA /* 路径总和.swift in Sources */ = {isa = PBXBuildFile; fileRef = EC18225527BF5D95002084EA /* 路径总和.swift */; };
		EC18225927C09C83002084EA /* 环形链表 II.swift in Sources */ = {isa = PBXBuildFile; fileRef = EC18225827C09C83002084EA /* 环形链表 II.swift */; };
		EC18225B27C0A7BA002084EA /* 相交链表.swift in Sources */ = {isa = PBXBuildFile; fileRef = EC18225A27C0A7BA002084EA /* 相交链表.swift */; };
		EC1823F127C5F763002084EA /* 两数相加.swift in Sources */ = {isa = PBXBuildFile; fileRef = EC1823F027C5F763002084EA /* 两数相加.swift */; };
		EC1823F327C8D4A5002084EA /* 扁平化多级双向链表.swift in Sources */ = {isa = PBXBuildFile; fileRef = EC1823F227C8D4A5002084EA /* 扁平化多级双向链表.swift */; };
		EC1823F527C8DB80002084EA /* 旋转链表.swift in Sources */ = {isa = PBXBuildFile; fileRef = EC1823F427C8DB80002084EA /* 旋转链表.swift */; };
		EC1823F727C916DC002084EA /* 移除链表元素.swift in Sources */ = {isa = PBXBuildFile; fileRef = EC1823F627C916DC002084EA /* 移除链表元素.swift */; };
		EC1823F927C9200A002084EA /* 偶链表.swift in Sources */ = {isa = PBXBuildFile; fileRef = EC1823F827C9200A002084EA /* 偶链表.swift */; };
		EC1823FB27C9DC51002084EA /* 链表排序.swift in Sources */ = {isa = PBXBuildFile; fileRef = EC1823FA27C9DC50002084EA /* 链表排序.swift */; };
		EC1823FD27CA0764002084EA /* 排序的循环链表.swift in Sources */ = {isa = PBXBuildFile; fileRef = EC1823FC27CA0764002084EA /* 排序的循环链表.swift */; };
		EC4B2DAA27D1F86800C5CEAD /* 数组中的第K个最大元素.swift in Sources */ = {isa = PBXBuildFile; fileRef = EC4B2DA927D1F86800C5CEAD /* 数组中的第K个最大元素.swift */; };
		EC4B2DEB27D4DF6E00C5CEAD /* 链表分类.swift in Sources */ = {isa = PBXBuildFile; fileRef = EC4B2DEA27D4DF6E00C5CEAD /* 链表分类.swift */; };
		EC4B2DED27D4F34300C5CEAD /* 无重复字符的最长子串.swift in Sources */ = {isa = PBXBuildFile; fileRef = EC4B2DEC27D4F34300C5CEAD /* 无重复字符的最长子串.swift */; };
		EC4B2DEF27D5CA3E00C5CEAD /* 反转每对括号间的子串.swift in Sources */ = {isa = PBXBuildFile; fileRef = EC4B2DEE27D5CA3E00C5CEAD /* 反转每对括号间的子串.swift */; };
		EC4B2DF627E6CD1000C5CEAD /* 电话号码组合.swift in Sources */ = {isa = PBXBuildFile; fileRef = EC4B2DF527E6CD1000C5CEAD /* 电话号码组合.swift */; };
		EC4B2DF827E6FBA900C5CEAD /* 三数和.swift in Sources */ = {isa = PBXBuildFile; fileRef = EC4B2DF727E6FBA900C5CEAD /* 三数和.swift */; };
		EC4B2E3827EA075E00C5CEAD /* 盛最多水的容器.swift in Sources */ = {isa = PBXBuildFile; fileRef = EC4B2E3727EA075E00C5CEAD /* 盛最多水的容器.swift */; };
		EC4B2E3A27EA0FD400C5CEAD /*  搜索二维矩阵 II.swift in Sources */ = {isa = PBXBuildFile; fileRef = EC4B2E3927EA0FD400C5CEAD /*  搜索二维矩阵 II.swift */; };
		EC95B101279EEB5500043327 /* BinaryTree.swift in Sources */ = {isa = PBXBuildFile; fileRef = EC95B100279EEB5500043327 /* BinaryTree.swift */; };
		EC95B104279EF47A00043327 /* Queue.swift in Sources */ = {isa = PBXBuildFile; fileRef = EC95B103279EF47A00043327 /* Queue.swift */; };
		EC95B10727A1615A00043327 /* Stack.swift in Sources */ = {isa = PBXBuildFile; fileRef = EC95B10627A1615A00043327 /* Stack.swift */; };
		EC95B10927A27E4500043327 /* BinarySearchTree.swift in Sources */ = {isa = PBXBuildFile; fileRef = EC95B10827A27E4500043327 /* BinarySearchTree.swift */; };
		EC95B10B27A3F39E00043327 /* AVLTree.swift in Sources */ = {isa = PBXBuildFile; fileRef = EC95B10A27A3F39D00043327 /* AVLTree.swift */; };
		EC95B10E27A7B79E00043327 /* BubbleSort.swift in Sources */ = {isa = PBXBuildFile; fileRef = EC95B10D27A7B79E00043327 /* BubbleSort.swift */; };
		EC95B11027A7B7B800043327 /* SelectionSort.swift in Sources */ = {isa = PBXBuildFile; fileRef = EC95B10F27A7B7B800043327 /* SelectionSort.swift */; };
		EC95B11227A7B7DD00043327 /* InstertionSort.swift in Sources */ = {isa = PBXBuildFile; fileRef = EC95B11127A7B7DD00043327 /* InstertionSort.swift */; };
		EC95B11427A7B80500043327 /* MergeSort.swift in Sources */ = {isa = PBXBuildFile; fileRef = EC95B11327A7B80500043327 /* MergeSort.swift */; };
		EC95B11627A7B82600043327 /* QuickSort.swift in Sources */ = {isa = PBXBuildFile; fileRef = EC95B11527A7B82600043327 /* QuickSort.swift */; };
		ECB6379327990840003C2F43 /* AppDelegate.swift in Sources */ = {isa = PBXBuildFile; fileRef = ECB6379227990840003C2F43 /* AppDelegate.swift */; };
		ECB6379527990840003C2F43 /* SceneDelegate.swift in Sources */ = {isa = PBXBuildFile; fileRef = ECB6379427990840003C2F43 /* SceneDelegate.swift */; };
		ECB6379727990840003C2F43 /* ViewController.swift in Sources */ = {isa = PBXBuildFile; fileRef = ECB6379627990840003C2F43 /* ViewController.swift */; };
		ECB6379A27990840003C2F43 /* Main.storyboard in Resources */ = {isa = PBXBuildFile; fileRef = ECB6379827990840003C2F43 /* Main.storyboard */; };
		ECB6379C27990842003C2F43 /* Assets.xcassets in Resources */ = {isa = PBXBuildFile; fileRef = ECB6379B27990842003C2F43 /* Assets.xcassets */; };
		ECB6379F27990842003C2F43 /* LaunchScreen.storyboard in Resources */ = {isa = PBXBuildFile; fileRef = ECB6379D27990842003C2F43 /* LaunchScreen.storyboard */; };
		ECB637AA27990843003C2F43 /* AlgoNotesTests.swift in Sources */ = {isa = PBXBuildFile; fileRef = ECB637A927990843003C2F43 /* AlgoNotesTests.swift */; };
		ECB637C5279908FE003C2F43 /* 翻转链表链表.swift in Sources */ = {isa = PBXBuildFile; fileRef = ECB637C4279908FE003C2F43 /* 翻转链表链表.swift */; };
		ECB637C727992A17003C2F43 /* LinkedList.swift in Sources */ = {isa = PBXBuildFile; fileRef = ECB637C627992A17003C2F43 /* LinkedList.swift */; };
		ECB637CA279C5079003C2F43 /* DoublyLinkedList.swift in Sources */ = {isa = PBXBuildFile; fileRef = ECB637C9279C5079003C2F43 /* DoublyLinkedList.swift */; };
		ECB637CC279C5375003C2F43 /* CircularLinkedList.swift in Sources */ = {isa = PBXBuildFile; fileRef = ECB637CB279C5375003C2F43 /* CircularLinkedList.swift */; };
		ECB9891E27D0CBCC004FA888 /* 最长公共子序列.swift in Sources */ = {isa = PBXBuildFile; fileRef = ECB9891D27D0CBCB004FA888 /* 最长公共子序列.swift */; };
		ECB9892027D0FE7B004FA888 /* 二叉树的最近公共祖先.swift in Sources */ = {isa = PBXBuildFile; fileRef = ECB9891F27D0FE7B004FA888 /* 二叉树的最近公共祖先.swift */; };
		ECB9892227D1D4DE004FA888 /* 最长连续序列.swift in Sources */ = {isa = PBXBuildFile; fileRef = ECB9892127D1D4DE004FA888 /* 最长连续序列.swift */; };
/* End PBXBuildFile section */

/* Begin PBXContainerItemProxy section */
		ECB637A627990843003C2F43 /* PBXContainerItemProxy */ = {
			isa = PBXContainerItemProxy;
			containerPortal = ECB6378727990840003C2F43 /* Project object */;
			proxyType = 1;
			remoteGlobalIDString = ECB6378E27990840003C2F43;
			remoteInfo = AlgoNotes;
		};
/* End PBXContainerItemProxy section */

/* Begin PBXFileReference section */
		EC1821D927AAAC7C002084EA /* 合并两个有序链表.swift */ = {isa = PBXFileReference; lastKnownFileType = sourcecode.swift; path = "合并两个有序链表.swift"; sourceTree = "<group>"; };
		EC1821DB27AABCC1002084EA /* 合并两个有序数组.swift */ = {isa = PBXFileReference; lastKnownFileType = sourcecode.swift; path = "合并两个有序数组.swift"; sourceTree = "<group>"; };
		EC1821DD27AAC675002084EA /* 合并K个升序链表.swift */ = {isa = PBXFileReference; lastKnownFileType = sourcecode.swift; path = "合并K个升序链表.swift"; sourceTree = "<group>"; };
		EC1821DF27AAD0E3002084EA /* 平衡二叉树.swift */ = {isa = PBXFileReference; lastKnownFileType = sourcecode.swift; path = "平衡二叉树.swift"; sourceTree = "<group>"; };
		EC1821E127AB6B52002084EA /* 删除排序数组中的重复项.swift */ = {isa = PBXFileReference; lastKnownFileType = sourcecode.swift; path = "删除排序数组中的重复项.swift"; sourceTree = "<group>"; };
		EC1821E327AB8D1A002084EA /* 旋转数组.swift */ = {isa = PBXFileReference; lastKnownFileType = sourcecode.swift; path = "旋转数组.swift"; sourceTree = "<group>"; };
		EC1821E527ABDE70002084EA /* 存在重复元素.swift */ = {isa = PBXFileReference; lastKnownFileType = sourcecode.swift; path = "存在重复元素.swift"; sourceTree = "<group>"; };
		EC1821E727AC167A002084EA /* 只出现一次的数字.swift */ = {isa = PBXFileReference; lastKnownFileType = sourcecode.swift; path = "只出现一次的数字.swift"; sourceTree = "<group>"; };
		EC1821E927AD41E6002084EA /* 加一 .swift */ = {isa = PBXFileReference; lastKnownFileType = sourcecode.swift; path = "加一 .swift"; sourceTree = "<group>"; };
		EC1821EB27AE2FBD002084EA /* 移动零.swift */ = {isa = PBXFileReference; lastKnownFileType = sourcecode.swift; path = "移动零.swift"; sourceTree = "<group>"; };
		EC1821ED27AE4E7F002084EA /* 两数和.swift */ = {isa = PBXFileReference; lastKnownFileType = sourcecode.swift; path = "两数和.swift"; sourceTree = "<group>"; };
		EC1821EF27AE6B7F002084EA /* 有效的数独.swift */ = {isa = PBXFileReference; lastKnownFileType = sourcecode.swift; path = "有效的数独.swift"; sourceTree = "<group>"; };
		EC1821F127AE7C10002084EA /* 旋转图像.swift */ = {isa = PBXFileReference; lastKnownFileType = sourcecode.swift; path = "旋转图像.swift"; sourceTree = "<group>"; };
		EC1821F327AF7DC8002084EA /* 买卖股票的最佳时机 II.swift */ = {isa = PBXFileReference; lastKnownFileType = sourcecode.swift; path = "买卖股票的最佳时机 II.swift"; sourceTree = "<group>"; };
		EC1821F727AF7F71002084EA /* 反转字符串.swift */ = {isa = PBXFileReference; lastKnownFileType = sourcecode.swift; path = "反转字符串.swift"; sourceTree = "<group>"; };
		EC1821F927AF8A24002084EA /* 整数反转.swift */ = {isa = PBXFileReference; lastKnownFileType = sourcecode.swift; path = "整数反转.swift"; sourceTree = "<group>"; };
		EC1821FB27AF9B21002084EA /* 字符串中的第一个唯一字符.swift */ = {isa = PBXFileReference; lastKnownFileType = sourcecode.swift; path = "字符串中的第一个唯一字符.swift"; sourceTree = "<group>"; };
		EC1821FD27AFAD47002084EA /* 有效的字母异位词.swift */ = {isa = PBXFileReference; lastKnownFileType = sourcecode.swift; path = "有效的字母异位词.swift"; sourceTree = "<group>"; };
		EC1821FF27AFAFDB002084EA /* 验证回文串.swift */ = {isa = PBXFileReference; lastKnownFileType = sourcecode.swift; path = "验证回文串.swift"; sourceTree = "<group>"; };
		EC18220127AFBB72002084EA /* 字符串转换整数.swift */ = {isa = PBXFileReference; lastKnownFileType = sourcecode.swift; path = "字符串转换整数.swift"; sourceTree = "<group>"; };
		EC18220327AFDD5C002084EA /* 实现 strStr().swift */ = {isa = PBXFileReference; lastKnownFileType = sourcecode.swift; path = "实现 strStr().swift"; sourceTree = "<group>"; };
		EC18220527B1FECC002084EA /* 最长公共前缀.swift */ = {isa = PBXFileReference; lastKnownFileType = sourcecode.swift; path = "最长公共前缀.swift"; sourceTree = "<group>"; };
		EC18220927B38988002084EA /* 删除链表中的节点.swift */ = {isa = PBXFileReference; lastKnownFileType = sourcecode.swift; path = "删除链表中的节点.swift"; sourceTree = "<group>"; };
		EC18220B27B389ED002084EA /* ListNode.swift */ = {isa = PBXFileReference; lastKnownFileType = sourcecode.swift; path = ListNode.swift; sourceTree = "<group>"; };
		EC18220D27B38BA9002084EA /* 删除链表的倒数第N个节点.swift */ = {isa = PBXFileReference; lastKnownFileType = sourcecode.swift; path = "删除链表的倒数第N个节点.swift"; sourceTree = "<group>"; };
		EC18220F27B3A53C002084EA /* 反转链表.swift */ = {isa = PBXFileReference; lastKnownFileType = sourcecode.swift; path = "反转链表.swift"; sourceTree = "<group>"; };
		EC18221127B3B3F8002084EA /* 回文链表.swift */ = {isa = PBXFileReference; lastKnownFileType = sourcecode.swift; path = "回文链表.swift"; sourceTree = "<group>"; };
		EC18221327B3EE91002084EA /* 二叉树的最大深度.swift */ = {isa = PBXFileReference; lastKnownFileType = sourcecode.swift; path = "二叉树的最大深度.swift"; sourceTree = "<group>"; };
		EC18221527B3EECC002084EA /* TreeNode.swift */ = {isa = PBXFileReference; lastKnownFileType = sourcecode.swift; path = TreeNode.swift; sourceTree = "<group>"; };
		EC18221727B3F22E002084EA /* 验证二叉搜索树.swift */ = {isa = PBXFileReference; lastKnownFileType = sourcecode.swift; path = "验证二叉搜索树.swift"; sourceTree = "<group>"; };
		EC18221927B4BD20002084EA /* 前缀.swift */ = {isa = PBXFileReference; lastKnownFileType = sourcecode.swift; path = "前缀.swift"; sourceTree = "<group>"; };
		EC18221B27B4ED2A002084EA /* 对称二叉树.swift */ = {isa = PBXFileReference; lastKnownFileType = sourcecode.swift; path = "对称二叉树.swift"; sourceTree = "<group>"; };
		EC18221D27B5161A002084EA /* 将有序数组转换为二叉搜索树.swift */ = {isa = PBXFileReference; lastKnownFileType = sourcecode.swift; path = "将有序数组转换为二叉搜索树.swift"; sourceTree = "<group>"; };
		EC18221F27B53D6C002084EA /* 第一个错误的版本.swift */ = {isa = PBXFileReference; lastKnownFileType = sourcecode.swift; path = "第一个错误的版本.swift"; sourceTree = "<group>"; };
		EC18222227B6052E002084EA /* 爬楼梯.swift */ = {isa = PBXFileReference; lastKnownFileType = sourcecode.swift; path = "爬楼梯.swift"; sourceTree = "<group>"; };
		EC18222427B678A4002084EA /* 买卖股票的最佳时机.swift */ = {isa = PBXFileReference; lastKnownFileType = sourcecode.swift; path = "买卖股票的最佳时机.swift"; sourceTree = "<group>"; };
		EC18222627B7613F002084EA /* 最大子序和.swift */ = {isa = PBXFileReference; lastKnownFileType = sourcecode.swift; path = "最大子序和.swift"; sourceTree = "<group>"; };
		EC18222927B7751C002084EA /* 打乱数组.swift */ = {isa = PBXFileReference; lastKnownFileType = sourcecode.swift; path = "打乱数组.swift"; sourceTree = "<group>"; };
		EC18222B27B78351002084EA /* 最小栈.swift */ = {isa = PBXFileReference; lastKnownFileType = sourcecode.swift; path = "最小栈.swift"; sourceTree = "<group>"; };
		EC18222E27B78993002084EA /* Fizz Buzz .swift */ = {isa = PBXFileReference; lastKnownFileType = sourcecode.swift; path = "Fizz Buzz .swift"; sourceTree = "<group>"; };
		EC18223027B7970F002084EA /* 计数质树.swift */ = {isa = PBXFileReference; lastKnownFileType = sourcecode.swift; path = "计数质树.swift"; sourceTree = "<group>"; };
		EC18223227B79854002084EA /* 3的幂.swift */ = {isa = PBXFileReference; lastKnownFileType = sourcecode.swift; path = "3的幂.swift"; sourceTree = "<group>"; };
		EC18223627B8BE6C002084EA /* 寻找数组的中心索引.swift */ = {isa = PBXFileReference; lastKnownFileType = sourcecode.swift; path = "寻找数组的中心索引.swift"; sourceTree = "<group>"; };
		EC18223827B8C7CA002084EA /* 搜索插入位置.swift */ = {isa = PBXFileReference; lastKnownFileType = sourcecode.swift; path = "搜索插入位置.swift"; sourceTree = "<group>"; };
		EC18223A27B8CA04002084EA /* 合并区间.swift */ = {isa = PBXFileReference; lastKnownFileType = sourcecode.swift; path = "合并区间.swift"; sourceTree = "<group>"; };
		EC18223C27B8E198002084EA /* 零矩阵.swift */ = {isa = PBXFileReference; lastKnownFileType = sourcecode.swift; path = "零矩阵.swift"; sourceTree = "<group>"; };
		EC18223E27B8F3F1002084EA /* 对角线遍历.swift */ = {isa = PBXFileReference; lastKnownFileType = sourcecode.swift; path = "对角线遍历.swift"; sourceTree = "<group>"; };
		EC18224027B9FF27002084EA /* 最长回文子串.swift */ = {isa = PBXFileReference; lastKnownFileType = sourcecode.swift; path = "最长回文子串.swift"; sourceTree = "<group>"; };
		EC18224227BA2250002084EA /* 翻转字符串里的单词.swift */ = {isa = PBXFileReference; lastKnownFileType = sourcecode.swift; path = "翻转字符串里的单词.swift"; sourceTree = "<group>"; };
		EC18224427BA4E50002084EA /* 数组拆分 I.swift */ = {isa = PBXFileReference; lastKnownFileType = sourcecode.swift; path = "数组拆分 I.swift"; sourceTree = "<group>"; };
		EC18224627BA54B8002084EA /* 两数之和 II - 输入有序数组.swift */ = {isa = PBXFileReference; lastKnownFileType = sourcecode.swift; path = "两数之和 II - 输入有序数组.swift"; sourceTree = "<group>"; };
		EC18224827BA8D57002084EA /* 移除元素.swift */ = {isa = PBXFileReference; lastKnownFileType = sourcecode.swift; path = "移除元素.swift"; sourceTree = "<group>"; };
		EC18224A27BA8FFE002084EA /* 最大连续1的个数.swift */ = {isa = PBXFileReference; lastKnownFileType = sourcecode.swift; path = "最大连续1的个数.swift"; sourceTree = "<group>"; };
		EC18224C27BA9395002084EA /* 长度最小的子数组.swift */ = {isa = PBXFileReference; lastKnownFileType = sourcecode.swift; path = "长度最小的子数组.swift"; sourceTree = "<group>"; };
		EC18224E27BB4EC8002084EA /* 反转字符串中的单词 III.swift */ = {isa = PBXFileReference; lastKnownFileType = sourcecode.swift; path = "反转字符串中的单词 III.swift"; sourceTree = "<group>"; };
		EC18225027BB70DF002084EA /* 寻找旋转排序数组中的最小值.swift */ = {isa = PBXFileReference; lastKnownFileType = sourcecode.swift; path = "寻找旋转排序数组中的最小值.swift"; sourceTree = "<group>"; };
		EC18225227BBB0B8002084EA /* File.swift */ = {isa = PBXFileReference; lastKnownFileType = sourcecode.swift; path = File.swift; sourceTree = "<group>"; };
		EC18225527BF5D95002084EA /* 路径总和.swift */ = {isa = PBXFileReference; lastKnownFileType = sourcecode.swift; path = "路径总和.swift"; sourceTree = "<group>"; };
		EC18225827C09C83002084EA /* 环形链表 II.swift */ = {isa = PBXFileReference; lastKnownFileType = sourcecode.swift; path = "环形链表 II.swift"; sourceTree = "<group>"; };
		EC18225A27C0A7BA002084EA /* 相交链表.swift */ = {isa = PBXFileReference; lastKnownFileType = sourcecode.swift; path = "相交链表.swift"; sourceTree = "<group>"; };
		EC1823F027C5F763002084EA /* 两数相加.swift */ = {isa = PBXFileReference; lastKnownFileType = sourcecode.swift; path = "两数相加.swift"; sourceTree = "<group>"; };
		EC1823F227C8D4A5002084EA /* 扁平化多级双向链表.swift */ = {isa = PBXFileReference; lastKnownFileType = sourcecode.swift; path = "扁平化多级双向链表.swift"; sourceTree = "<group>"; };
		EC1823F427C8DB80002084EA /* 旋转链表.swift */ = {isa = PBXFileReference; lastKnownFileType = sourcecode.swift; path = "旋转链表.swift"; sourceTree = "<group>"; };
		EC1823F627C916DC002084EA /* 移除链表元素.swift */ = {isa = PBXFileReference; lastKnownFileType = sourcecode.swift; path = "移除链表元素.swift"; sourceTree = "<group>"; };
		EC1823F827C9200A002084EA /* 偶链表.swift */ = {isa = PBXFileReference; lastKnownFileType = sourcecode.swift; path = "偶链表.swift"; sourceTree = "<group>"; };
		EC1823FA27C9DC50002084EA /* 链表排序.swift */ = {isa = PBXFileReference; lastKnownFileType = sourcecode.swift; path = "链表排序.swift"; sourceTree = "<group>"; };
		EC1823FC27CA0764002084EA /* 排序的循环链表.swift */ = {isa = PBXFileReference; lastKnownFileType = sourcecode.swift; path = "排序的循环链表.swift"; sourceTree = "<group>"; };
		EC4B2DA927D1F86800C5CEAD /* 数组中的第K个最大元素.swift */ = {isa = PBXFileReference; lastKnownFileType = sourcecode.swift; path = "数组中的第K个最大元素.swift"; sourceTree = "<group>"; };
		EC4B2DEA27D4DF6E00C5CEAD /* 链表分类.swift */ = {isa = PBXFileReference; lastKnownFileType = sourcecode.swift; path = "链表分类.swift"; sourceTree = "<group>"; };
		EC4B2DEC27D4F34300C5CEAD /* 无重复字符的最长子串.swift */ = {isa = PBXFileReference; lastKnownFileType = sourcecode.swift; path = "无重复字符的最长子串.swift"; sourceTree = "<group>"; };
		EC4B2DEE27D5CA3E00C5CEAD /* 反转每对括号间的子串.swift */ = {isa = PBXFileReference; lastKnownFileType = sourcecode.swift; path = "反转每对括号间的子串.swift"; sourceTree = "<group>"; };
		EC4B2DF527E6CD1000C5CEAD /* 电话号码组合.swift */ = {isa = PBXFileReference; lastKnownFileType = sourcecode.swift; path = "电话号码组合.swift"; sourceTree = "<group>"; };
		EC4B2DF727E6FBA900C5CEAD /* 三数和.swift */ = {isa = PBXFileReference; lastKnownFileType = sourcecode.swift; path = "三数和.swift"; sourceTree = "<group>"; };
		EC4B2E3727EA075E00C5CEAD /* 盛最多水的容器.swift */ = {isa = PBXFileReference; lastKnownFileType = sourcecode.swift; path = "盛最多水的容器.swift"; sourceTree = "<group>"; };
		EC4B2E3927EA0FD400C5CEAD /*  搜索二维矩阵 II.swift */ = {isa = PBXFileReference; lastKnownFileType = sourcecode.swift; path = " 搜索二维矩阵 II.swift"; sourceTree = "<group>"; };
		EC95B100279EEB5500043327 /* BinaryTree.swift */ = {isa = PBXFileReference; lastKnownFileType = sourcecode.swift; path = BinaryTree.swift; sourceTree = "<group>"; };
		EC95B103279EF47A00043327 /* Queue.swift */ = {isa = PBXFileReference; lastKnownFileType = sourcecode.swift; path = Queue.swift; sourceTree = "<group>"; };
		EC95B10627A1615A00043327 /* Stack.swift */ = {isa = PBXFileReference; lastKnownFileType = sourcecode.swift; path = Stack.swift; sourceTree = "<group>"; };
		EC95B10827A27E4500043327 /* BinarySearchTree.swift */ = {isa = PBXFileReference; lastKnownFileType = sourcecode.swift; path = BinarySearchTree.swift; sourceTree = "<group>"; };
		EC95B10A27A3F39D00043327 /* AVLTree.swift */ = {isa = PBXFileReference; lastKnownFileType = sourcecode.swift; path = AVLTree.swift; sourceTree = "<group>"; };
		EC95B10D27A7B79E00043327 /* BubbleSort.swift */ = {isa = PBXFileReference; lastKnownFileType = sourcecode.swift; path = BubbleSort.swift; sourceTree = "<group>"; };
		EC95B10F27A7B7B800043327 /* SelectionSort.swift */ = {isa = PBXFileReference; lastKnownFileType = sourcecode.swift; path = SelectionSort.swift; sourceTree = "<group>"; };
		EC95B11127A7B7DD00043327 /* InstertionSort.swift */ = {isa = PBXFileReference; lastKnownFileType = sourcecode.swift; path = InstertionSort.swift; sourceTree = "<group>"; };
		EC95B11327A7B80500043327 /* MergeSort.swift */ = {isa = PBXFileReference; lastKnownFileType = sourcecode.swift; path = MergeSort.swift; sourceTree = "<group>"; };
		EC95B11527A7B82600043327 /* QuickSort.swift */ = {isa = PBXFileReference; lastKnownFileType = sourcecode.swift; path = QuickSort.swift; sourceTree = "<group>"; };
		ECB6378F27990840003C2F43 /* AlgoNotes.app */ = {isa = PBXFileReference; explicitFileType = wrapper.application; includeInIndex = 0; path = AlgoNotes.app; sourceTree = BUILT_PRODUCTS_DIR; };
		ECB6379227990840003C2F43 /* AppDelegate.swift */ = {isa = PBXFileReference; lastKnownFileType = sourcecode.swift; path = AppDelegate.swift; sourceTree = "<group>"; };
		ECB6379427990840003C2F43 /* SceneDelegate.swift */ = {isa = PBXFileReference; lastKnownFileType = sourcecode.swift; path = SceneDelegate.swift; sourceTree = "<group>"; };
		ECB6379627990840003C2F43 /* ViewController.swift */ = {isa = PBXFileReference; lastKnownFileType = sourcecode.swift; path = ViewController.swift; sourceTree = "<group>"; };
		ECB6379927990840003C2F43 /* Base */ = {isa = PBXFileReference; lastKnownFileType = file.storyboard; name = Base; path = Base.lproj/Main.storyboard; sourceTree = "<group>"; };
		ECB6379B27990842003C2F43 /* Assets.xcassets */ = {isa = PBXFileReference; lastKnownFileType = folder.assetcatalog; path = Assets.xcassets; sourceTree = "<group>"; };
		ECB6379E27990842003C2F43 /* Base */ = {isa = PBXFileReference; lastKnownFileType = file.storyboard; name = Base; path = Base.lproj/LaunchScreen.storyboard; sourceTree = "<group>"; };
		ECB637A027990842003C2F43 /* Info.plist */ = {isa = PBXFileReference; lastKnownFileType = text.plist.xml; path = Info.plist; sourceTree = "<group>"; };
		ECB637A527990843003C2F43 /* AlgoNotesTests.xctest */ = {isa = PBXFileReference; explicitFileType = wrapper.cfbundle; includeInIndex = 0; path = AlgoNotesTests.xctest; sourceTree = BUILT_PRODUCTS_DIR; };
		ECB637A927990843003C2F43 /* AlgoNotesTests.swift */ = {isa = PBXFileReference; lastKnownFileType = sourcecode.swift; path = AlgoNotesTests.swift; sourceTree = "<group>"; };
		ECB637C4279908FE003C2F43 /* 翻转链表链表.swift */ = {isa = PBXFileReference; lastKnownFileType = sourcecode.swift; path = "翻转链表链表.swift"; sourceTree = "<group>"; };
		ECB637C627992A17003C2F43 /* LinkedList.swift */ = {isa = PBXFileReference; lastKnownFileType = sourcecode.swift; path = LinkedList.swift; sourceTree = "<group>"; };
		ECB637C9279C5079003C2F43 /* DoublyLinkedList.swift */ = {isa = PBXFileReference; lastKnownFileType = sourcecode.swift; path = DoublyLinkedList.swift; sourceTree = "<group>"; };
		ECB637CB279C5375003C2F43 /* CircularLinkedList.swift */ = {isa = PBXFileReference; lastKnownFileType = sourcecode.swift; path = CircularLinkedList.swift; sourceTree = "<group>"; };
		ECB9891D27D0CBCB004FA888 /* 最长公共子序列.swift */ = {isa = PBXFileReference; lastKnownFileType = sourcecode.swift; path = "最长公共子序列.swift"; sourceTree = "<group>"; };
		ECB9891F27D0FE7B004FA888 /* 二叉树的最近公共祖先.swift */ = {isa = PBXFileReference; lastKnownFileType = sourcecode.swift; path = "二叉树的最近公共祖先.swift"; sourceTree = "<group>"; };
		ECB9892127D1D4DE004FA888 /* 最长连续序列.swift */ = {isa = PBXFileReference; lastKnownFileType = sourcecode.swift; path = "最长连续序列.swift"; sourceTree = "<group>"; };
/* End PBXFileReference section */

/* Begin PBXFrameworksBuildPhase section */
		ECB6378C27990840003C2F43 /* Frameworks */ = {
			isa = PBXFrameworksBuildPhase;
			buildActionMask = 2147483647;
			files = (
			);
			runOnlyForDeploymentPostprocessing = 0;
		};
		ECB637A227990843003C2F43 /* Frameworks */ = {
			isa = PBXFrameworksBuildPhase;
			buildActionMask = 2147483647;
			files = (
			);
			runOnlyForDeploymentPostprocessing = 0;
		};
/* End PBXFrameworksBuildPhase section */

/* Begin PBXGroup section */
		EC1821D827AAAC63002084EA /* 初级算法 */ = {
			isa = PBXGroup;
			children = (
				EC18222D27B78987002084EA /* 数学 */,
				EC18222827B7750A002084EA /* 设计问题 */,
				EC18222127B6051B002084EA /* 动态规划 */,
				EC18220827B3895A002084EA /* 树 */,
				EC18220727B3894C002084EA /* 链表 */,
				EC1821F627AF7F58002084EA /* 字符串 */,
				EC1821F527AF7F36002084EA /* 数组 */,
				EC18221927B4BD20002084EA /* 前缀.swift */,
				EC18221F27B53D6C002084EA /* 第一个错误的版本.swift */,
			);
			path = "初级算法";
			sourceTree = "<group>";
		};
		EC1821F527AF7F36002084EA /* 数组 */ = {
			isa = PBXGroup;
			children = (
				EC1821DB27AABCC1002084EA /* 合并两个有序数组.swift */,
				EC1821E127AB6B52002084EA /* 删除排序数组中的重复项.swift */,
				EC1821E327AB8D1A002084EA /* 旋转数组.swift */,
				EC1821E527ABDE70002084EA /* 存在重复元素.swift */,
				EC1821E727AC167A002084EA /* 只出现一次的数字.swift */,
				EC1821E927AD41E6002084EA /* 加一 .swift */,
				EC1821EB27AE2FBD002084EA /* 移动零.swift */,
				EC1821ED27AE4E7F002084EA /* 两数和.swift */,
				EC1821EF27AE6B7F002084EA /* 有效的数独.swift */,
				EC1821F127AE7C10002084EA /* 旋转图像.swift */,
				EC1821F327AF7DC8002084EA /* 买卖股票的最佳时机 II.swift */,
			);
			path = "数组";
			sourceTree = "<group>";
		};
		EC1821F627AF7F58002084EA /* 字符串 */ = {
			isa = PBXGroup;
			children = (
				EC1821F727AF7F71002084EA /* 反转字符串.swift */,
				EC1821F927AF8A24002084EA /* 整数反转.swift */,
				EC1821FB27AF9B21002084EA /* 字符串中的第一个唯一字符.swift */,
				EC1821FD27AFAD47002084EA /* 有效的字母异位词.swift */,
				EC1821FF27AFAFDB002084EA /* 验证回文串.swift */,
				EC18220127AFBB72002084EA /* 字符串转换整数.swift */,
				EC18220327AFDD5C002084EA /* 实现 strStr().swift */,
				EC18220527B1FECC002084EA /* 最长公共前缀.swift */,
			);
			path = "字符串";
			sourceTree = "<group>";
		};
		EC18220727B3894C002084EA /* 链表 */ = {
			isa = PBXGroup;
			children = (
				EC18220B27B389ED002084EA /* ListNode.swift */,
				EC1821D927AAAC7C002084EA /* 合并两个有序链表.swift */,
				EC1821DD27AAC675002084EA /* 合并K个升序链表.swift */,
				EC18220927B38988002084EA /* 删除链表中的节点.swift */,
				EC18220D27B38BA9002084EA /* 删除链表的倒数第N个节点.swift */,
				EC18220F27B3A53C002084EA /* 反转链表.swift */,
				EC18221127B3B3F8002084EA /* 回文链表.swift */,
			);
			path = "链表";
			sourceTree = "<group>";
		};
		EC18220827B3895A002084EA /* 树 */ = {
			isa = PBXGroup;
			children = (
				EC1821DF27AAD0E3002084EA /* 平衡二叉树.swift */,
				EC18221327B3EE91002084EA /* 二叉树的最大深度.swift */,
				EC18221527B3EECC002084EA /* TreeNode.swift */,
				EC18221727B3F22E002084EA /* 验证二叉搜索树.swift */,
				EC18221B27B4ED2A002084EA /* 对称二叉树.swift */,
				EC18221D27B5161A002084EA /* 将有序数组转换为二叉搜索树.swift */,
				ECB9891F27D0FE7B004FA888 /* 二叉树的最近公共祖先.swift */,
			);
			path = "树";
			sourceTree = "<group>";
		};
		EC18222127B6051B002084EA /* 动态规划 */ = {
			isa = PBXGroup;
			children = (
				EC18222227B6052E002084EA /* 爬楼梯.swift */,
				EC18222427B678A4002084EA /* 买卖股票的最佳时机.swift */,
				EC18222627B7613F002084EA /* 最大子序和.swift */,
				ECB9891D27D0CBCB004FA888 /* 最长公共子序列.swift */,
				ECB9892127D1D4DE004FA888 /* 最长连续序列.swift */,
			);
			path = "动态规划";
			sourceTree = "<group>";
		};
		EC18222827B7750A002084EA /* 设计问题 */ = {
			isa = PBXGroup;
			children = (
				EC18222927B7751C002084EA /* 打乱数组.swift */,
				EC18222B27B78351002084EA /* 最小栈.swift */,
			);
			path = "设计问题";
			sourceTree = "<group>";
		};
		EC18222D27B78987002084EA /* 数学 */ = {
			isa = PBXGroup;
			children = (
				EC18222E27B78993002084EA /* Fizz Buzz .swift */,
				EC18223027B7970F002084EA /* 计数质树.swift */,
				EC18223227B79854002084EA /* 3的幂.swift */,
			);
			path = "数学";
			sourceTree = "<group>";
		};
		EC18223527B8BE32002084EA /* 数组&字符串 */ = {
			isa = PBXGroup;
			children = (
				EC18223627B8BE6C002084EA /* 寻找数组的中心索引.swift */,
				EC18223827B8C7CA002084EA /* 搜索插入位置.swift */,
				EC18223A27B8CA04002084EA /* 合并区间.swift */,
				EC18223C27B8E198002084EA /* 零矩阵.swift */,
				EC18223E27B8F3F1002084EA /* 对角线遍历.swift */,
				EC18224027B9FF27002084EA /* 最长回文子串.swift */,
				EC18224227BA2250002084EA /* 翻转字符串里的单词.swift */,
				EC18224427BA4E50002084EA /* 数组拆分 I.swift */,
				EC18224627BA54B8002084EA /* 两数之和 II - 输入有序数组.swift */,
				EC18224827BA8D57002084EA /* 移除元素.swift */,
				EC18224A27BA8FFE002084EA /* 最大连续1的个数.swift */,
				EC18224C27BA9395002084EA /* 长度最小的子数组.swift */,
				EC18224E27BB4EC8002084EA /* 反转字符串中的单词 III.swift */,
				EC18225027BB70DF002084EA /* 寻找旋转排序数组中的最小值.swift */,
				EC18225227BBB0B8002084EA /* File.swift */,
			);
			path = "数组&字符串";
			sourceTree = "<group>";
		};
		EC18225427BF5D86002084EA /* 二叉树 */ = {
			isa = PBXGroup;
			children = (
				EC18225527BF5D95002084EA /* 路径总和.swift */,
			);
			path = "二叉树";
			sourceTree = "<group>";
		};
		EC18225727C09C7B002084EA /* 链表 */ = {
			isa = PBXGroup;
			children = (
				EC18225827C09C83002084EA /* 环形链表 II.swift */,
				EC18225A27C0A7BA002084EA /* 相交链表.swift */,
				EC1823F027C5F763002084EA /* 两数相加.swift */,
				EC1823F227C8D4A5002084EA /* 扁平化多级双向链表.swift */,
				EC1823F427C8DB80002084EA /* 旋转链表.swift */,
				EC1823F627C916DC002084EA /* 移除链表元素.swift */,
				EC1823F827C9200A002084EA /* 偶链表.swift */,
				EC1823FA27C9DC50002084EA /* 链表排序.swift */,
				EC1823FC27CA0764002084EA /* 排序的循环链表.swift */,
			);
			path = "链表";
			sourceTree = "<group>";
		};
		EC4B2DA827D1F85700C5CEAD /* 中级算法 */ = {
			isa = PBXGroup;
			children = (
				EC4B2DA927D1F86800C5CEAD /* 数组中的第K个最大元素.swift */,
			);
			path = "中级算法";
			sourceTree = "<group>";
		};
		EC4B2DE927D4DF5900C5CEAD /* OD */ = {
			isa = PBXGroup;
			children = (
				EC4B2DEA27D4DF6E00C5CEAD /* 链表分类.swift */,
				EC4B2DEC27D4F34300C5CEAD /* 无重复字符的最长子串.swift */,
				EC4B2DEE27D5CA3E00C5CEAD /* 反转每对括号间的子串.swift */,
			);
			path = OD;
			sourceTree = "<group>";
		};
		EC4B2DF427E6CCF000C5CEAD /* Hot100 */ = {
			isa = PBXGroup;
			children = (
				EC4B2DF527E6CD1000C5CEAD /* 电话号码组合.swift */,
				EC4B2DF727E6FBA900C5CEAD /* 三数和.swift */,
				EC4B2E3727EA075E00C5CEAD /* 盛最多水的容器.swift */,
				EC4B2E3927EA0FD400C5CEAD /*  搜索二维矩阵 II.swift */,
			);
			path = Hot100;
			sourceTree = "<group>";
		};
		EC95B0FF279EEB3C00043327 /* Tree */ = {
			isa = PBXGroup;
			children = (
				EC95B100279EEB5500043327 /* BinaryTree.swift */,
				EC95B10827A27E4500043327 /* BinarySearchTree.swift */,
				EC95B10A27A3F39D00043327 /* AVLTree.swift */,
			);
			path = Tree;
			sourceTree = "<group>";
		};
		EC95B102279EF46C00043327 /* LinearTable */ = {
			isa = PBXGroup;
			children = (
				EC95B103279EF47A00043327 /* Queue.swift */,
				EC95B10627A1615A00043327 /* Stack.swift */,
			);
			path = LinearTable;
			sourceTree = "<group>";
		};
		EC95B10C27A7B71000043327 /* Sort */ = {
			isa = PBXGroup;
			children = (
				EC95B10D27A7B79E00043327 /* BubbleSort.swift */,
				EC95B10F27A7B7B800043327 /* SelectionSort.swift */,
				EC95B11127A7B7DD00043327 /* InstertionSort.swift */,
				EC95B11327A7B80500043327 /* MergeSort.swift */,
				EC95B11527A7B82600043327 /* QuickSort.swift */,
			);
			path = Sort;
			sourceTree = "<group>";
		};
		ECB6378627990840003C2F43 = {
			isa = PBXGroup;
			children = (
				ECB6379127990840003C2F43 /* AlgoNotes */,
				ECB637A827990843003C2F43 /* AlgoNotesTests */,
				ECB6379027990840003C2F43 /* Products */,
			);
			sourceTree = "<group>";
		};
		ECB6379027990840003C2F43 /* Products */ = {
			isa = PBXGroup;
			children = (
				ECB6378F27990840003C2F43 /* AlgoNotes.app */,
				ECB637A527990843003C2F43 /* AlgoNotesTests.xctest */,
			);
			name = Products;
			sourceTree = "<group>";
		};
		ECB6379127990840003C2F43 /* AlgoNotes */ = {
			isa = PBXGroup;
			children = (
				ECB637C3279908DA003C2F43 /* App */,
				ECB637C2279908B8003C2F43 /* leetcode */,
				ECB637A027990842003C2F43 /* Info.plist */,
			);
			path = AlgoNotes;
			sourceTree = "<group>";
		};
		ECB637A827990843003C2F43 /* AlgoNotesTests */ = {
			isa = PBXGroup;
			children = (
				ECB637A927990843003C2F43 /* AlgoNotesTests.swift */,
			);
			path = AlgoNotesTests;
			sourceTree = "<group>";
		};
		ECB637C2279908B8003C2F43 /* leetcode */ = {
			isa = PBXGroup;
			children = (
				EC4B2DF427E6CCF000C5CEAD /* Hot100 */,
				EC4B2DE927D4DF5900C5CEAD /* OD */,
				EC4B2DA827D1F85700C5CEAD /* 中级算法 */,
				EC18225727C09C7B002084EA /* 链表 */,
				EC18225427BF5D86002084EA /* 二叉树 */,
				EC18223527B8BE32002084EA /* 数组&字符串 */,
				EC1821D827AAAC63002084EA /* 初级算法 */,
				EC95B10C27A7B71000043327 /* Sort */,
				EC95B102279EF46C00043327 /* LinearTable */,
				EC95B0FF279EEB3C00043327 /* Tree */,
				ECB637C827992A3A003C2F43 /* LinkedList */,
			);
			path = leetcode;
			sourceTree = "<group>";
		};
		ECB637C3279908DA003C2F43 /* App */ = {
			isa = PBXGroup;
			children = (
				ECB6379227990840003C2F43 /* AppDelegate.swift */,
				ECB6379427990840003C2F43 /* SceneDelegate.swift */,
				ECB6379627990840003C2F43 /* ViewController.swift */,
				ECB6379827990840003C2F43 /* Main.storyboard */,
				ECB6379B27990842003C2F43 /* Assets.xcassets */,
				ECB6379D27990842003C2F43 /* LaunchScreen.storyboard */,
			);
			path = App;
			sourceTree = "<group>";
		};
		ECB637C827992A3A003C2F43 /* LinkedList */ = {
			isa = PBXGroup;
			children = (
				ECB637C627992A17003C2F43 /* LinkedList.swift */,
				ECB637C4279908FE003C2F43 /* 翻转链表链表.swift */,
				ECB637C9279C5079003C2F43 /* DoublyLinkedList.swift */,
				ECB637CB279C5375003C2F43 /* CircularLinkedList.swift */,
			);
			path = LinkedList;
			sourceTree = "<group>";
		};
/* End PBXGroup section */

/* Begin PBXNativeTarget section */
		ECB6378E27990840003C2F43 /* AlgoNotes */ = {
			isa = PBXNativeTarget;
			buildConfigurationList = ECB637B927990843003C2F43 /* Build configuration list for PBXNativeTarget "AlgoNotes" */;
			buildPhases = (
				ECB6378B27990840003C2F43 /* Sources */,
				ECB6378C27990840003C2F43 /* Frameworks */,
				ECB6378D27990840003C2F43 /* Resources */,
			);
			buildRules = (
			);
			dependencies = (
			);
			name = AlgoNotes;
			productName = AlgoNotes;
			productReference = ECB6378F27990840003C2F43 /* AlgoNotes.app */;
			productType = "com.apple.product-type.application";
		};
		ECB637A427990843003C2F43 /* AlgoNotesTests */ = {
			isa = PBXNativeTarget;
			buildConfigurationList = ECB637BC27990843003C2F43 /* Build configuration list for PBXNativeTarget "AlgoNotesTests" */;
			buildPhases = (
				ECB637A127990843003C2F43 /* Sources */,
				ECB637A227990843003C2F43 /* Frameworks */,
				ECB637A327990843003C2F43 /* Resources */,
			);
			buildRules = (
			);
			dependencies = (
				ECB637A727990843003C2F43 /* PBXTargetDependency */,
			);
			name = AlgoNotesTests;
			productName = AlgoNotesTests;
			productReference = ECB637A527990843003C2F43 /* AlgoNotesTests.xctest */;
			productType = "com.apple.product-type.bundle.unit-test";
		};
/* End PBXNativeTarget section */

/* Begin PBXProject section */
		ECB6378727990840003C2F43 /* Project object */ = {
			isa = PBXProject;
			attributes = {
				BuildIndependentTargetsInParallel = 1;
				LastSwiftUpdateCheck = 1320;
				LastUpgradeCheck = 1320;
				TargetAttributes = {
					ECB6378E27990840003C2F43 = {
						CreatedOnToolsVersion = 13.2.1;
					};
					ECB637A427990843003C2F43 = {
						CreatedOnToolsVersion = 13.2.1;
						TestTargetID = ECB6378E27990840003C2F43;
					};
				};
			};
			buildConfigurationList = ECB6378A27990840003C2F43 /* Build configuration list for PBXProject "AlgoNotes" */;
			compatibilityVersion = "Xcode 13.0";
			developmentRegion = en;
			hasScannedForEncodings = 0;
			knownRegions = (
				en,
				Base,
			);
			mainGroup = ECB6378627990840003C2F43;
			productRefGroup = ECB6379027990840003C2F43 /* Products */;
			projectDirPath = "";
			projectRoot = "";
			targets = (
				ECB6378E27990840003C2F43 /* AlgoNotes */,
				ECB637A427990843003C2F43 /* AlgoNotesTests */,
			);
		};
/* End PBXProject section */

/* Begin PBXResourcesBuildPhase section */
		ECB6378D27990840003C2F43 /* Resources */ = {
			isa = PBXResourcesBuildPhase;
			buildActionMask = 2147483647;
			files = (
				ECB6379F27990842003C2F43 /* LaunchScreen.storyboard in Resources */,
				ECB6379C27990842003C2F43 /* Assets.xcassets in Resources */,
				ECB6379A27990840003C2F43 /* Main.storyboard in Resources */,
			);
			runOnlyForDeploymentPostprocessing = 0;
		};
		ECB637A327990843003C2F43 /* Resources */ = {
			isa = PBXResourcesBuildPhase;
			buildActionMask = 2147483647;
			files = (
			);
			runOnlyForDeploymentPostprocessing = 0;
		};
/* End PBXResourcesBuildPhase section */

/* Begin PBXSourcesBuildPhase section */
		ECB6378B27990840003C2F43 /* Sources */ = {
			isa = PBXSourcesBuildPhase;
			buildActionMask = 2147483647;
			files = (
				EC18221A27B4BD20002084EA /* 前缀.swift in Sources */,
				EC18221827B3F22E002084EA /* 验证二叉搜索树.swift in Sources */,
				EC18223D27B8E198002084EA /* 零矩阵.swift in Sources */,
				EC18223F27B8F3F1002084EA /* 对角线遍历.swift in Sources */,
				EC1823FD27CA0764002084EA /* 排序的循环链表.swift in Sources */,
				EC4B2DEF27D5CA3E00C5CEAD /* 反转每对括号间的子串.swift in Sources */,
				EC18221427B3EE91002084EA /* 二叉树的最大深度.swift in Sources */,
				EC18222C27B78351002084EA /* 最小栈.swift in Sources */,
				EC95B101279EEB5500043327 /* BinaryTree.swift in Sources */,
				EC18220C27B389ED002084EA /* ListNode.swift in Sources */,
				EC1821E027AAD0E3002084EA /* 平衡二叉树.swift in Sources */,
				EC18224527BA4E50002084EA /* 数组拆分 I.swift in Sources */,
				EC4B2E3827EA075E00C5CEAD /* 盛最多水的容器.swift in Sources */,
				EC95B11227A7B7DD00043327 /* InstertionSort.swift in Sources */,
				EC18225327BBB0B8002084EA /* File.swift in Sources */,
				EC1821E227AB6B52002084EA /* 删除排序数组中的重复项.swift in Sources */,
				EC18220227AFBB72002084EA /* 字符串转换整数.swift in Sources */,
				EC18225127BB70DF002084EA /* 寻找旋转排序数组中的最小值.swift in Sources */,
				EC95B11427A7B80500043327 /* MergeSort.swift in Sources */,
				EC1823FB27C9DC51002084EA /* 链表排序.swift in Sources */,
				EC18221E27B5161A002084EA /* 将有序数组转换为二叉搜索树.swift in Sources */,
				EC18224327BA2250002084EA /* 翻转字符串里的单词.swift in Sources */,
				EC4B2E3A27EA0FD400C5CEAD /*  搜索二维矩阵 II.swift in Sources */,
				EC4B2DF827E6FBA900C5CEAD /* 三数和.swift in Sources */,
				EC1823F527C8DB80002084EA /* 旋转链表.swift in Sources */,
				ECB6379727990840003C2F43 /* ViewController.swift in Sources */,
				EC18221C27B4ED2A002084EA /* 对称二叉树.swift in Sources */,
				EC18221227B3B3F8002084EA /* 回文链表.swift in Sources */,
				EC18223127B7970F002084EA /* 计数质树.swift in Sources */,
				EC95B10927A27E4500043327 /* BinarySearchTree.swift in Sources */,
				EC1823F927C9200A002084EA /* 偶链表.swift in Sources */,
				EC18222327B6052E002084EA /* 爬楼梯.swift in Sources */,
				EC95B10B27A3F39E00043327 /* AVLTree.swift in Sources */,
				EC1821F427AF7DC8002084EA /* 买卖股票的最佳时机 II.swift in Sources */,
				ECB637CA279C5079003C2F43 /* DoublyLinkedList.swift in Sources */,
				EC1823F727C916DC002084EA /* 移除链表元素.swift in Sources */,
				ECB637C5279908FE003C2F43 /* 翻转链表链表.swift in Sources */,
				EC18224927BA8D57002084EA /* 移除元素.swift in Sources */,
				EC18223927B8C7CA002084EA /* 搜索插入位置.swift in Sources */,
				EC1821FE27AFAD47002084EA /* 有效的字母异位词.swift in Sources */,
				EC1821EA27AD41E6002084EA /* 加一 .swift in Sources */,
				EC1821DE27AAC675002084EA /* 合并K个升序链表.swift in Sources */,
				EC95B11027A7B7B800043327 /* SelectionSort.swift in Sources */,
				EC18223327B79854002084EA /* 3的幂.swift in Sources */,
				EC1821F827AF7F71002084EA /* 反转字符串.swift in Sources */,
				EC4B2DEB27D4DF6E00C5CEAD /* 链表分类.swift in Sources */,
				EC18225627BF5D95002084EA /* 路径总和.swift in Sources */,
				EC1823F327C8D4A5002084EA /* 扁平化多级双向链表.swift in Sources */,
				ECB9892027D0FE7B004FA888 /* 二叉树的最近公共祖先.swift in Sources */,
				EC4B2DAA27D1F86800C5CEAD /* 数组中的第K个最大元素.swift in Sources */,
				EC1821E627ABDE70002084EA /* 存在重复元素.swift in Sources */,
				EC1821F027AE6B7F002084EA /* 有效的数独.swift in Sources */,
				EC18220427AFDD5C002084EA /* 实现 strStr().swift in Sources */,
				ECB637C727992A17003C2F43 /* LinkedList.swift in Sources */,
				EC18223B27B8CA04002084EA /* 合并区间.swift in Sources */,
				EC18222027B53D6C002084EA /* 第一个错误的版本.swift in Sources */,
				EC95B10E27A7B79E00043327 /* BubbleSort.swift in Sources */,
				EC1821EE27AE4E7F002084EA /* 两数和.swift in Sources */,
				EC18220E27B38BA9002084EA /* 删除链表的倒数第N个节点.swift in Sources */,
				ECB637CC279C5375003C2F43 /* CircularLinkedList.swift in Sources */,
				EC18222727B7613F002084EA /* 最大子序和.swift in Sources */,
				EC18222F27B78993002084EA /* Fizz Buzz .swift in Sources */,
				EC18224B27BA8FFE002084EA /* 最大连续1的个数.swift in Sources */,
				EC18220027AFAFDB002084EA /* 验证回文串.swift in Sources */,
				EC1821DC27AABCC1002084EA /* 合并两个有序数组.swift in Sources */,
				EC18224727BA54B8002084EA /* 两数之和 II - 输入有序数组.swift in Sources */,
				ECB9892227D1D4DE004FA888 /* 最长连续序列.swift in Sources */,
				EC18225927C09C83002084EA /* 环形链表 II.swift in Sources */,
				EC95B10727A1615A00043327 /* Stack.swift in Sources */,
				EC18221627B3EECC002084EA /* TreeNode.swift in Sources */,
				ECB6379327990840003C2F43 /* AppDelegate.swift in Sources */,
				EC18225B27C0A7BA002084EA /* 相交链表.swift in Sources */,
				EC95B11627A7B82600043327 /* QuickSort.swift in Sources */,
				EC18222527B678A4002084EA /* 买卖股票的最佳时机.swift in Sources */,
				EC18224D27BA9395002084EA /* 长度最小的子数组.swift in Sources */,
				EC1821FA27AF8A24002084EA /* 整数反转.swift in Sources */,
				EC18220627B1FECC002084EA /* 最长公共前缀.swift in Sources */,
				EC18220A27B38988002084EA /* 删除链表中的节点.swift in Sources */,
				EC18221027B3A53C002084EA /* 反转链表.swift in Sources */,
				ECB9891E27D0CBCC004FA888 /* 最长公共子序列.swift in Sources */,
				EC18222A27B7751C002084EA /* 打乱数组.swift in Sources */,
				EC1821EC27AE2FBD002084EA /* 移动零.swift in Sources */,
				EC1821E827AC167A002084EA /* 只出现一次的数字.swift in Sources */,
				EC1821DA27AAAC7C002084EA /* 合并两个有序链表.swift in Sources */,
				EC4B2DF627E6CD1000C5CEAD /* 电话号码组合.swift in Sources */,
				EC95B104279EF47A00043327 /* Queue.swift in Sources */,
				EC18224127B9FF27002084EA /* 最长回文子串.swift in Sources */,
				EC1823F127C5F763002084EA /* 两数相加.swift in Sources */,
				EC1821F227AE7C10002084EA /* 旋转图像.swift in Sources */,
				EC1821FC27AF9B21002084EA /* 字符串中的第一个唯一字符.swift in Sources */,
				EC18224F27BB4EC8002084EA /* 反转字符串中的单词 III.swift in Sources */,
				EC1821E427AB8D1A002084EA /* 旋转数组.swift in Sources */,
				EC4B2DED27D4F34300C5CEAD /* 无重复字符的最长子串.swift in Sources */,
				EC18223727B8BE6C002084EA /* 寻找数组的中心索引.swift in Sources */,
				ECB6379527990840003C2F43 /* SceneDelegate.swift in Sources */,
			);
			runOnlyForDeploymentPostprocessing = 0;
		};
		ECB637A127990843003C2F43 /* Sources */ = {
			isa = PBXSourcesBuildPhase;
			buildActionMask = 2147483647;
			files = (
				ECB637AA27990843003C2F43 /* AlgoNotesTests.swift in Sources */,
			);
			runOnlyForDeploymentPostprocessing = 0;
		};
/* End PBXSourcesBuildPhase section */

/* Begin PBXTargetDependency section */
		ECB637A727990843003C2F43 /* PBXTargetDependency */ = {
			isa = PBXTargetDependency;
			target = ECB6378E27990840003C2F43 /* AlgoNotes */;
			targetProxy = ECB637A627990843003C2F43 /* PBXContainerItemProxy */;
		};
/* End PBXTargetDependency section */

/* Begin PBXVariantGroup section */
		ECB6379827990840003C2F43 /* Main.storyboard */ = {
			isa = PBXVariantGroup;
			children = (
				ECB6379927990840003C2F43 /* Base */,
			);
			name = Main.storyboard;
			sourceTree = "<group>";
		};
		ECB6379D27990842003C2F43 /* LaunchScreen.storyboard */ = {
			isa = PBXVariantGroup;
			children = (
				ECB6379E27990842003C2F43 /* Base */,
			);
			name = LaunchScreen.storyboard;
			sourceTree = "<group>";
		};
/* End PBXVariantGroup section */

/* Begin XCBuildConfiguration section */
		ECB637B727990843003C2F43 /* Debug */ = {
			isa = XCBuildConfiguration;
			buildSettings = {
				ALWAYS_SEARCH_USER_PATHS = NO;
				CLANG_ANALYZER_NONNULL = YES;
				CLANG_ANALYZER_NUMBER_OBJECT_CONVERSION = YES_AGGRESSIVE;
				CLANG_CXX_LANGUAGE_STANDARD = "gnu++17";
				CLANG_CXX_LIBRARY = "libc++";
				CLANG_ENABLE_MODULES = YES;
				CLANG_ENABLE_OBJC_ARC = YES;
				CLANG_ENABLE_OBJC_WEAK = YES;
				CLANG_WARN_BLOCK_CAPTURE_AUTORELEASING = YES;
				CLANG_WARN_BOOL_CONVERSION = YES;
				CLANG_WARN_COMMA = YES;
				CLANG_WARN_CONSTANT_CONVERSION = YES;
				CLANG_WARN_DEPRECATED_OBJC_IMPLEMENTATIONS = YES;
				CLANG_WARN_DIRECT_OBJC_ISA_USAGE = YES_ERROR;
				CLANG_WARN_DOCUMENTATION_COMMENTS = YES;
				CLANG_WARN_EMPTY_BODY = YES;
				CLANG_WARN_ENUM_CONVERSION = YES;
				CLANG_WARN_INFINITE_RECURSION = YES;
				CLANG_WARN_INT_CONVERSION = YES;
				CLANG_WARN_NON_LITERAL_NULL_CONVERSION = YES;
				CLANG_WARN_OBJC_IMPLICIT_RETAIN_SELF = YES;
				CLANG_WARN_OBJC_LITERAL_CONVERSION = YES;
				CLANG_WARN_OBJC_ROOT_CLASS = YES_ERROR;
				CLANG_WARN_QUOTED_INCLUDE_IN_FRAMEWORK_HEADER = YES;
				CLANG_WARN_RANGE_LOOP_ANALYSIS = YES;
				CLANG_WARN_STRICT_PROTOTYPES = YES;
				CLANG_WARN_SUSPICIOUS_MOVE = YES;
				CLANG_WARN_UNGUARDED_AVAILABILITY = YES_AGGRESSIVE;
				CLANG_WARN_UNREACHABLE_CODE = YES;
				CLANG_WARN__DUPLICATE_METHOD_MATCH = YES;
				COPY_PHASE_STRIP = NO;
				DEBUG_INFORMATION_FORMAT = dwarf;
				ENABLE_STRICT_OBJC_MSGSEND = YES;
				ENABLE_TESTABILITY = YES;
				GCC_C_LANGUAGE_STANDARD = gnu11;
				GCC_DYNAMIC_NO_PIC = NO;
				GCC_NO_COMMON_BLOCKS = YES;
				GCC_OPTIMIZATION_LEVEL = 0;
				GCC_PREPROCESSOR_DEFINITIONS = (
					"DEBUG=1",
					"$(inherited)",
				);
				GCC_WARN_64_TO_32_BIT_CONVERSION = YES;
				GCC_WARN_ABOUT_RETURN_TYPE = YES_ERROR;
				GCC_WARN_UNDECLARED_SELECTOR = YES;
				GCC_WARN_UNINITIALIZED_AUTOS = YES_AGGRESSIVE;
				GCC_WARN_UNUSED_FUNCTION = YES;
				GCC_WARN_UNUSED_VARIABLE = YES;
				IPHONEOS_DEPLOYMENT_TARGET = 15.2;
				MTL_ENABLE_DEBUG_INFO = INCLUDE_SOURCE;
				MTL_FAST_MATH = YES;
				ONLY_ACTIVE_ARCH = YES;
				SDKROOT = iphoneos;
				SWIFT_ACTIVE_COMPILATION_CONDITIONS = DEBUG;
				SWIFT_OPTIMIZATION_LEVEL = "-Onone";
			};
			name = Debug;
		};
		ECB637B827990843003C2F43 /* Release */ = {
			isa = XCBuildConfiguration;
			buildSettings = {
				ALWAYS_SEARCH_USER_PATHS = NO;
				CLANG_ANALYZER_NONNULL = YES;
				CLANG_ANALYZER_NUMBER_OBJECT_CONVERSION = YES_AGGRESSIVE;
				CLANG_CXX_LANGUAGE_STANDARD = "gnu++17";
				CLANG_CXX_LIBRARY = "libc++";
				CLANG_ENABLE_MODULES = YES;
				CLANG_ENABLE_OBJC_ARC = YES;
				CLANG_ENABLE_OBJC_WEAK = YES;
				CLANG_WARN_BLOCK_CAPTURE_AUTORELEASING = YES;
				CLANG_WARN_BOOL_CONVERSION = YES;
				CLANG_WARN_COMMA = YES;
				CLANG_WARN_CONSTANT_CONVERSION = YES;
				CLANG_WARN_DEPRECATED_OBJC_IMPLEMENTATIONS = YES;
				CLANG_WARN_DIRECT_OBJC_ISA_USAGE = YES_ERROR;
				CLANG_WARN_DOCUMENTATION_COMMENTS = YES;
				CLANG_WARN_EMPTY_BODY = YES;
				CLANG_WARN_ENUM_CONVERSION = YES;
				CLANG_WARN_INFINITE_RECURSION = YES;
				CLANG_WARN_INT_CONVERSION = YES;
				CLANG_WARN_NON_LITERAL_NULL_CONVERSION = YES;
				CLANG_WARN_OBJC_IMPLICIT_RETAIN_SELF = YES;
				CLANG_WARN_OBJC_LITERAL_CONVERSION = YES;
				CLANG_WARN_OBJC_ROOT_CLASS = YES_ERROR;
				CLANG_WARN_QUOTED_INCLUDE_IN_FRAMEWORK_HEADER = YES;
				CLANG_WARN_RANGE_LOOP_ANALYSIS = YES;
				CLANG_WARN_STRICT_PROTOTYPES = YES;
				CLANG_WARN_SUSPICIOUS_MOVE = YES;
				CLANG_WARN_UNGUARDED_AVAILABILITY = YES_AGGRESSIVE;
				CLANG_WARN_UNREACHABLE_CODE = YES;
				CLANG_WARN__DUPLICATE_METHOD_MATCH = YES;
				COPY_PHASE_STRIP = NO;
				DEBUG_INFORMATION_FORMAT = "dwarf-with-dsym";
				ENABLE_NS_ASSERTIONS = NO;
				ENABLE_STRICT_OBJC_MSGSEND = YES;
				GCC_C_LANGUAGE_STANDARD = gnu11;
				GCC_NO_COMMON_BLOCKS = YES;
				GCC_WARN_64_TO_32_BIT_CONVERSION = YES;
				GCC_WARN_ABOUT_RETURN_TYPE = YES_ERROR;
				GCC_WARN_UNDECLARED_SELECTOR = YES;
				GCC_WARN_UNINITIALIZED_AUTOS = YES_AGGRESSIVE;
				GCC_WARN_UNUSED_FUNCTION = YES;
				GCC_WARN_UNUSED_VARIABLE = YES;
				IPHONEOS_DEPLOYMENT_TARGET = 15.2;
				MTL_ENABLE_DEBUG_INFO = NO;
				MTL_FAST_MATH = YES;
				SDKROOT = iphoneos;
				SWIFT_COMPILATION_MODE = wholemodule;
				SWIFT_OPTIMIZATION_LEVEL = "-O";
				VALIDATE_PRODUCT = YES;
			};
			name = Release;
		};
		ECB637BA27990843003C2F43 /* Debug */ = {
			isa = XCBuildConfiguration;
			buildSettings = {
				ASSETCATALOG_COMPILER_APPICON_NAME = AppIcon;
				ASSETCATALOG_COMPILER_GLOBAL_ACCENT_COLOR_NAME = AccentColor;
				CODE_SIGN_STYLE = Automatic;
				CURRENT_PROJECT_VERSION = 1;
				GENERATE_INFOPLIST_FILE = YES;
				INFOPLIST_FILE = AlgoNotes/Info.plist;
				INFOPLIST_KEY_UIApplicationSupportsIndirectInputEvents = YES;
				INFOPLIST_KEY_UILaunchStoryboardName = LaunchScreen;
				INFOPLIST_KEY_UIMainStoryboardFile = Main;
				INFOPLIST_KEY_UISupportedInterfaceOrientations_iPad = "UIInterfaceOrientationPortrait UIInterfaceOrientationPortraitUpsideDown UIInterfaceOrientationLandscapeLeft UIInterfaceOrientationLandscapeRight";
				INFOPLIST_KEY_UISupportedInterfaceOrientations_iPhone = "UIInterfaceOrientationPortrait UIInterfaceOrientationLandscapeLeft UIInterfaceOrientationLandscapeRight";
				LD_RUNPATH_SEARCH_PATHS = (
					"$(inherited)",
					"@executable_path/Frameworks",
				);
				MARKETING_VERSION = 1.0;
				PRODUCT_BUNDLE_IDENTIFIER = algo.notes.rh.AlgoNotes;
				PRODUCT_NAME = "$(TARGET_NAME)";
				SWIFT_EMIT_LOC_STRINGS = YES;
				SWIFT_VERSION = 5.0;
				TARGETED_DEVICE_FAMILY = "1,2";
			};
			name = Debug;
		};
		ECB637BB27990843003C2F43 /* Release */ = {
			isa = XCBuildConfiguration;
			buildSettings = {
				ASSETCATALOG_COMPILER_APPICON_NAME = AppIcon;
				ASSETCATALOG_COMPILER_GLOBAL_ACCENT_COLOR_NAME = AccentColor;
				CODE_SIGN_STYLE = Automatic;
				CURRENT_PROJECT_VERSION = 1;
				GENERATE_INFOPLIST_FILE = YES;
				INFOPLIST_FILE = AlgoNotes/Info.plist;
				INFOPLIST_KEY_UIApplicationSupportsIndirectInputEvents = YES;
				INFOPLIST_KEY_UILaunchStoryboardName = LaunchScreen;
				INFOPLIST_KEY_UIMainStoryboardFile = Main;
				INFOPLIST_KEY_UISupportedInterfaceOrientations_iPad = "UIInterfaceOrientationPortrait UIInterfaceOrientationPortraitUpsideDown UIInterfaceOrientationLandscapeLeft UIInterfaceOrientationLandscapeRight";
				INFOPLIST_KEY_UISupportedInterfaceOrientations_iPhone = "UIInterfaceOrientationPortrait UIInterfaceOrientationLandscapeLeft UIInterfaceOrientationLandscapeRight";
				LD_RUNPATH_SEARCH_PATHS = (
					"$(inherited)",
					"@executable_path/Frameworks",
				);
				MARKETING_VERSION = 1.0;
				PRODUCT_BUNDLE_IDENTIFIER = algo.notes.rh.AlgoNotes;
				PRODUCT_NAME = "$(TARGET_NAME)";
				SWIFT_EMIT_LOC_STRINGS = YES;
				SWIFT_VERSION = 5.0;
				TARGETED_DEVICE_FAMILY = "1,2";
			};
			name = Release;
		};
		ECB637BD27990843003C2F43 /* Debug */ = {
			isa = XCBuildConfiguration;
			buildSettings = {
				ALWAYS_EMBED_SWIFT_STANDARD_LIBRARIES = YES;
				BUNDLE_LOADER = "$(TEST_HOST)";
				CODE_SIGN_STYLE = Automatic;
				CURRENT_PROJECT_VERSION = 1;
				GENERATE_INFOPLIST_FILE = YES;
				IPHONEOS_DEPLOYMENT_TARGET = 15.2;
				MARKETING_VERSION = 1.0;
				PRODUCT_BUNDLE_IDENTIFIER = algo.notes.rh.AlgoNotesTests;
				PRODUCT_NAME = "$(TARGET_NAME)";
				SWIFT_EMIT_LOC_STRINGS = NO;
				SWIFT_VERSION = 5.0;
				TARGETED_DEVICE_FAMILY = "1,2";
				TEST_HOST = "$(BUILT_PRODUCTS_DIR)/AlgoNotes.app/AlgoNotes";
			};
			name = Debug;
		};
		ECB637BE27990843003C2F43 /* Release */ = {
			isa = XCBuildConfiguration;
			buildSettings = {
				ALWAYS_EMBED_SWIFT_STANDARD_LIBRARIES = YES;
				BUNDLE_LOADER = "$(TEST_HOST)";
				CODE_SIGN_STYLE = Automatic;
				CURRENT_PROJECT_VERSION = 1;
				GENERATE_INFOPLIST_FILE = YES;
				IPHONEOS_DEPLOYMENT_TARGET = 15.2;
				MARKETING_VERSION = 1.0;
				PRODUCT_BUNDLE_IDENTIFIER = algo.notes.rh.AlgoNotesTests;
				PRODUCT_NAME = "$(TARGET_NAME)";
				SWIFT_EMIT_LOC_STRINGS = NO;
				SWIFT_VERSION = 5.0;
				TARGETED_DEVICE_FAMILY = "1,2";
				TEST_HOST = "$(BUILT_PRODUCTS_DIR)/AlgoNotes.app/AlgoNotes";
			};
			name = Release;
		};
/* End XCBuildConfiguration section */

/* Begin XCConfigurationList section */
		ECB6378A27990840003C2F43 /* Build configuration list for PBXProject "AlgoNotes" */ = {
			isa = XCConfigurationList;
			buildConfigurations = (
				ECB637B727990843003C2F43 /* Debug */,
				ECB637B827990843003C2F43 /* Release */,
			);
			defaultConfigurationIsVisible = 0;
			defaultConfigurationName = Release;
		};
		ECB637B927990843003C2F43 /* Build configuration list for PBXNativeTarget "AlgoNotes" */ = {
			isa = XCConfigurationList;
			buildConfigurations = (
				ECB637BA27990843003C2F43 /* Debug */,
				ECB637BB27990843003C2F43 /* Release */,
			);
			defaultConfigurationIsVisible = 0;
			defaultConfigurationName = Release;
		};
		ECB637BC27990843003C2F43 /* Build configuration list for PBXNativeTarget "AlgoNotesTests" */ = {
			isa = XCConfigurationList;
			buildConfigurations = (
				ECB637BD27990843003C2F43 /* Debug */,
				ECB637BE27990843003C2F43 /* Release */,
			);
			defaultConfigurationIsVisible = 0;
			defaultConfigurationName = Release;
		};
/* End XCConfigurationList section */
	};
	rootObject = ECB6378727990840003C2F43 /* Project object */;
}
